
Microsoft Visual Studio Solution File, Format Version 10.00
# Visual C++ Express 2008
Project("{8BC9CEB8-8B4A-11D0-8D11-00A0C91BC942}") = "simple", "simple\simple.vcproj", "{BDCFB44D-8FCB-4082-8443-745BA009E73C}"
EndProject
Project("{8BC9CEB8-8B4A-11D0-8D11-00A0C91BC942}") = "mainSimple", "simple\mainSimple.vcproj", "{B6A6588B-0DA1-427A-9880-549D99B90F28}"
	ProjectSection(ProjectDependencies) = postProject
		{BDCFB44D-8FCB-4082-8443-745BA009E73C} = {BDCFB44D-8FCB-4082-8443-745BA009E73C}
	EndProjectSection
EndProject
Project("{8BC9CEB8-8B4A-11D0-8D11-00A0C91BC942}") = "mainSimpleAddin", "simple\mainSimpleAddin.vcproj", "{80549931-C4D3-4FB0-B428-28491EEB9D58}"
	ProjectSection(ProjectDependencies) = postProject
		{10293FF2-7EF4-4012-BE15-FD2B036E2541} = {10293FF2-7EF4-4012-BE15-FD2B036E2541}
	EndProjectSection
EndProject
Project("{8BC9CEB8-8B4A-11D0-8D11-00A0C91BC942}") = "mainSimpleAddinTest", "simple\mainSimpleAddinTest.vcproj", "{6E16C6C1-97D5-4345-8B18-AC50A9E062B2}"
	ProjectSection(ProjectDependencies) = postProject
		{BCFD7218-1CAD-499C-BEB9-F84E98E26F83} = {BCFD7218-1CAD-499C-BEB9-F84E98E26F83}
	EndProjectSection
EndProject
Project("{8BC9CEB8-8B4A-11D0-8D11-00A0C91BC942}") = "simpleAddin", "simple\simpleAddin.vcproj", "{10293FF2-7EF4-4012-BE15-FD2B036E2541}"
	ProjectSection(ProjectDependencies) = postProject
		{BDCFB44D-8FCB-4082-8443-745BA009E73C} = {BDCFB44D-8FCB-4082-8443-745BA009E73C}
	EndProjectSection
EndProject
Project("{8BC9CEB8-8B4A-11D0-8D11-00A0C91BC942}") = "simpleAddinTest", "simple\simpleAddinTest.vcproj", "{BCFD7218-1CAD-499C-BEB9-F84E98E26F83}"
	ProjectSection(ProjectDependencies) = postProject
		{BDCFB44D-8FCB-4082-8443-745BA009E73C} = {BDCFB44D-8FCB-4082-8443-745BA009E73C}
	EndProjectSection
EndProject
Global
	GlobalSection(SolutionConfigurationPlatforms) = preSolution
		Debug|Win32 = Debug|Win32
		Release|Win32 = Release|Win32
	EndGlobalSection
	GlobalSection(ProjectConfigurationPlatforms) = postSolution
		{BDCFB44D-8FCB-4082-8443-745BA009E73C}.Debug|Win32.ActiveCfg = Debug|Win32
		{BDCFB44D-8FCB-4082-8443-745BA009E73C}.Debug|Win32.Build.0 = Debug|Win32
		{BDCFB44D-8FCB-4082-8443-745BA009E73C}.Release|Win32.ActiveCfg = Release|Win32
		{BDCFB44D-8FCB-4082-8443-745BA009E73C}.Release|Win32.Build.0 = Release|Win32
		{B6A6588B-0DA1-427A-9880-549D99B90F28}.Debug|Win32.ActiveCfg = Debug|Win32
		{B6A6588B-0DA1-427A-9880-549D99B90F28}.Debug|Win32.Build.0 = Debug|Win32
		{B6A6588B-0DA1-427A-9880-549D99B90F28}.Release|Win32.ActiveCfg = Release|Win32
		{B6A6588B-0DA1-427A-9880-549D99B90F28}.Release|Win32.Build.0 = Release|Win32
		{80549931-C4D3-4FB0-B428-28491EEB9D58}.Debug|Win32.ActiveCfg = Debug|Win32
		{80549931-C4D3-4FB0-B428-28491EEB9D58}.Debug|Win32.Build.0 = Debug|Win32
		{80549931-C4D3-4FB0-B428-28491EEB9D58}.Release|Win32.ActiveCfg = Release|Win32
		{80549931-C4D3-4FB0-B428-28491EEB9D58}.Release|Win32.Build.0 = Release|Win32
		{6E16C6C1-97D5-4345-8B18-AC50A9E062B2}.Debug|Win32.ActiveCfg = Debug|Win32
		{6E16C6C1-97D5-4345-8B18-AC50A9E062B2}.Debug|Win32.Build.0 = Debug|Win32
		{6E16C6C1-97D5-4345-8B18-AC50A9E062B2}.Release|Win32.ActiveCfg = Release|Win32
		{6E16C6C1-97D5-4345-8B18-AC50A9E062B2}.Release|Win32.Build.0 = Release|Win32
		{10293FF2-7EF4-4012-BE15-FD2B036E2541}.Debug|Win32.ActiveCfg = Debug|Win32
		{10293FF2-7EF4-4012-BE15-FD2B036E2541}.Debug|Win32.Build.0 = Debug|Win32
		{10293FF2-7EF4-4012-BE15-FD2B036E2541}.Release|Win32.ActiveCfg = Release|Win32
		{10293FF2-7EF4-4012-BE15-FD2B036E2541}.Release|Win32.Build.0 = Release|Win32
		{BCFD7218-1CAD-499C-BEB9-F84E98E26F83}.Debug|Win32.ActiveCfg = Debug|Win32
		{BCFD7218-1CAD-499C-BEB9-F84E98E26F83}.Debug|Win32.Build.0 = Debug|Win32
		{BCFD7218-1CAD-499C-BEB9-F84E98E26F83}.Release|Win32.ActiveCfg = Release|Win32
		{BCFD7218-1CAD-499C-BEB9-F84E98E26F83}.Release|Win32.Build.0 = Release|Win32
	EndGlobalSection
	GlobalSection(SolutionProperties) = preSolution
		HideSolutionNode = FALSE
	EndGlobalSection
EndGlobal
