<?xml version="1.0" encoding="utf-8"?>
<Project ToolsVersion="4.0" xmlns="http://schemas.microsoft.com/developer/msbuild/2003">
  <ItemGroup>
    <Filter Include="valueobjects">
      <UniqueIdentifier>{430f98d1-e1d3-41b4-87c6-cea825cfd27a}</UniqueIdentifier>
    </Filter>
    <Filter Include="enumerations">
      <UniqueIdentifier>{0a680ec8-be71-492a-9960-7dd47465609b}</UniqueIdentifier>
    </Filter>
    <Filter Include="enumerations\constructors">
      <UniqueIdentifier>{fdcf8c66-4046-4a37-b54a-d657084814be}</UniqueIdentifier>
    </Filter>
    <Filter Include="enumerations\factories">
      <UniqueIdentifier>{95d5e454-bd9b-434c-87f6-d7d3866843e0}</UniqueIdentifier>
    </Filter>
    <Filter Include="enumerations\register">
      <UniqueIdentifier>{933ba727-f06a-47b7-9797-a3d8feed3057}</UniqueIdentifier>
    </Filter>
    <Filter Include="conversions">
      <UniqueIdentifier>{d8597abe-1305-4081-9777-26590be0cc27}</UniqueIdentifier>
    </Filter>
    <Filter Include="serialization">
      <UniqueIdentifier>{d62d6fe9-a206-4459-b071-01344ab6d449}</UniqueIdentifier>
    </Filter>
    <Filter Include="serialization\create">
      <UniqueIdentifier>{d67716f8-fb40-4f37-8ef6-f9a535bbdcc4}</UniqueIdentifier>
    </Filter>
    <Filter Include="serialization\register">
      <UniqueIdentifier>{46b193f8-3feb-44b8-8d7e-a763d4ca13d9}</UniqueIdentifier>
    </Filter>
    <Filter Include="coercions">
      <UniqueIdentifier>{94cfabf5-01cd-4d26-a94e-8cff0e851201}</UniqueIdentifier>
    </Filter>
  </ItemGroup>
  <ItemGroup>
    <ClCompile Include="valueobjects\vo_diamond_inheritance.cpp">
      <Filter>valueobjects</Filter>
    </ClCompile>
    <ClCompile Include="valueobjects\vo_docstrings.cpp">
      <Filter>valueobjects</Filter>
    </ClCompile>
    <ClCompile Include="valueobjects\vo_inheritance.cpp">
      <Filter>valueobjects</Filter>
    </ClCompile>
    <ClCompile Include="valueobjects\vo_multiple_inheritance.cpp">
      <Filter>valueobjects</Filter>
    </ClCompile>
    <ClCompile Include="valueobjects\vo_objects.cpp">
      <Filter>valueobjects</Filter>
    </ClCompile>
    <ClCompile Include="valueobjects\vo_overrides.cpp">
      <Filter>valueobjects</Filter>
    </ClCompile>
    <ClCompile Include="enumerations\constructors\classes.cpp">
      <Filter>enumerations\constructors</Filter>
    </ClCompile>
    <ClCompile Include="enumerations\register\register_classes.cpp">
      <Filter>enumerations\register</Filter>
    </ClCompile>
    <ClCompile Include="enumerations\register\register_types.cpp">
      <Filter>enumerations\register</Filter>
    </ClCompile>
    <ClCompile Include="conversions\convert2.cpp">
      <Filter>conversions</Filter>
    </ClCompile>
    <ClCompile Include="serialization\register_creators.cpp">
      <Filter>serialization</Filter>
    </ClCompile>
    <ClCompile Include="serialization\serializationfactory.cpp">
      <Filter>serialization</Filter>
    </ClCompile>
    <ClCompile Include="serialization\create\create_diamond_inheritance.cpp">
      <Filter>serialization\create</Filter>
    </ClCompile>
    <ClCompile Include="serialization\create\create_docstrings.cpp">
      <Filter>serialization\create</Filter>
    </ClCompile>
    <ClCompile Include="serialization\create\create_inheritance.cpp">
      <Filter>serialization\create</Filter>
    </ClCompile>
    <ClCompile Include="serialization\create\create_multiple_inheritance.cpp">
      <Filter>serialization\create</Filter>
    </ClCompile>
    <ClCompile Include="serialization\create\create_objects.cpp">
      <Filter>serialization\create</Filter>
    </ClCompile>
    <ClCompile Include="serialization\create\create_overrides.cpp">
      <Filter>serialization\create</Filter>
    </ClCompile>
    <ClCompile Include="serialization\register\serialization_diamond_inheritance.cpp">
      <Filter>serialization\register</Filter>
    </ClCompile>
    <ClCompile Include="serialization\register\serialization_docstrings.cpp">
      <Filter>serialization\register</Filter>
    </ClCompile>
    <ClCompile Include="serialization\register\serialization_inheritance.cpp">
      <Filter>serialization\register</Filter>
    </ClCompile>
    <ClCompile Include="serialization\register\serialization_multiple_inheritance.cpp">
      <Filter>serialization\register</Filter>
    </ClCompile>
    <ClCompile Include="serialization\register\serialization_objects.cpp">
      <Filter>serialization\register</Filter>
    </ClCompile>
    <ClCompile Include="serialization\register\serialization_overrides.cpp">
      <Filter>serialization\register</Filter>
    </ClCompile>
    <ClCompile Include="init.cpp" />
    <ClCompile Include="objmanual_overrides.cpp" />
  </ItemGroup>
  <ItemGroup>
    <ClInclude Include="valueobjects\vo_diamond_inheritance.hpp">
      <Filter>valueobjects</Filter>
    </ClInclude>
    <ClInclude Include="valueobjects\vo_docstrings.hpp">
      <Filter>valueobjects</Filter>
    </ClInclude>
    <ClInclude Include="valueobjects\vo_inheritance.hpp">
      <Filter>valueobjects</Filter>
    </ClInclude>
    <ClInclude Include="valueobjects\vo_multiple_inheritance.hpp">
      <Filter>valueobjects</Filter>
    </ClInclude>
    <ClInclude Include="valueobjects\vo_objects.hpp">
      <Filter>valueobjects</Filter>
    </ClInclude>
    <ClInclude Include="valueobjects\vo_overrides.hpp">
      <Filter>valueobjects</Filter>
    </ClInclude>
    <ClInclude Include="enumerations\constructors\classes.hpp">
      <Filter>enumerations\constructors</Filter>
    </ClInclude>
    <ClInclude Include="enumerations\factories\all.hpp">
      <Filter>enumerations\factories</Filter>
    </ClInclude>
    <ClInclude Include="enumerations\factories\timezone.hpp">
      <Filter>enumerations\factories</Filter>
    </ClInclude>
    <ClInclude Include="enumerations\register\register_classes.hpp">
      <Filter>enumerations\register</Filter>
    </ClInclude>
    <ClInclude Include="enumerations\register\register_types.hpp">
      <Filter>enumerations\register</Filter>
    </ClInclude>
    <ClInclude Include="conversions\cnv_tmpl.hpp">
      <Filter>conversions</Filter>
    </ClInclude>
    <ClInclude Include="conversions\convert2.hpp">
      <Filter>conversions</Filter>
    </ClInclude>
    <ClInclude Include="serialization\serializationfactory.hpp">
      <Filter>serialization</Filter>
    </ClInclude>
    <ClInclude Include="serialization\create\create_all.hpp">
      <Filter>serialization\create</Filter>
    </ClInclude>
    <ClInclude Include="serialization\create\create_diamond_inheritance.hpp">
      <Filter>serialization\create</Filter>
    </ClInclude>
    <ClInclude Include="serialization\create\create_docstrings.hpp">
      <Filter>serialization\create</Filter>
    </ClInclude>
    <ClInclude Include="serialization\create\create_inheritance.hpp">
      <Filter>serialization\create</Filter>
    </ClInclude>
    <ClInclude Include="serialization\create\create_multiple_inheritance.hpp">
      <Filter>serialization\create</Filter>
    </ClInclude>
    <ClInclude Include="serialization\create\create_objects.hpp">
      <Filter>serialization\create</Filter>
    </ClInclude>
    <ClInclude Include="serialization\create\create_overrides.hpp">
      <Filter>serialization\create</Filter>
    </ClInclude>
    <ClInclude Include="serialization\register\serialization_all.hpp">
      <Filter>serialization\register</Filter>
    </ClInclude>
    <ClInclude Include="serialization\register\serialization_diamond_inheritance.hpp">
      <Filter>serialization\register</Filter>
    </ClInclude>
    <ClInclude Include="serialization\register\serialization_docstrings.hpp">
      <Filter>serialization\register</Filter>
    </ClInclude>
    <ClInclude Include="serialization\register\serialization_inheritance.hpp">
      <Filter>serialization\register</Filter>
    </ClInclude>
    <ClInclude Include="serialization\register\serialization_multiple_inheritance.hpp">
      <Filter>serialization\register</Filter>
    </ClInclude>
    <ClInclude Include="serialization\register\serialization_objects.hpp">
      <Filter>serialization\register</Filter>
    </ClInclude>
    <ClInclude Include="serialization\register\serialization_overrides.hpp">
      <Filter>serialization\register</Filter>
    </ClInclude>
    <ClInclude Include="serialization\register\serialization_register.hpp">
      <Filter>serialization\register</Filter>
    </ClInclude>
    <ClInclude Include="coercions\all.hpp">
      <Filter>coercions</Filter>
    </ClInclude>
    <ClInclude Include="coercions\coerce_grade.hpp">
      <Filter>coercions</Filter>
    </ClInclude>
    <ClInclude Include="init.hpp" />
    <ClInclude Include="obj_all.hpp" />
    <ClInclude Include="obj_docstrings.hpp" />
    <ClInclude Include="obj_inheritance.hpp" />
    <ClInclude Include="obj_multiple_inheritance.hpp" />
    <ClInclude Include="obj_objects.hpp" />
    <ClInclude Include="objmanual_diamond_inheritance.hpp" />
    <ClInclude Include="objmanual_overrides.hpp" />
  </ItemGroup>
</Project>