<?xml version="1.0" encoding="utf-8"?>
<Project ToolsVersion="4.0" xmlns="http://schemas.microsoft.com/developer/msbuild/2003">
  <ItemGroup>
    <Filter Include="functions">
      <UniqueIdentifier>{5fdad6dc-63d9-4529-a5b3-2ba20a4e26c2}</UniqueIdentifier>
    </Filter>
    <Filter Include="typemaps">
      <UniqueIdentifier>{a057b9bb-6c67-4249-bc77-3b077f655fe4}</UniqueIdentifier>
    </Filter>
    <Filter Include="typedefs">
      <UniqueIdentifier>{663e3874-8960-4f59-9168-ee5b86900f09}</UniqueIdentifier>
    </Filter>
  </ItemGroup>
  <ItemGroup>
    <None Include="functions\all.i">
      <Filter>functions</Filter>
    </None>
    <None Include="functions\coercions.i">
      <Filter>functions</Filter>
    </None>
    <None Include="functions\conversions.i">
      <Filter>functions</Filter>
    </None>
    <None Include="functions\diamond_inheritance.i">
      <Filter>functions</Filter>
    </None>
    <None Include="functions\docstrings.i">
      <Filter>functions</Filter>
    </None>
    <None Include="functions\echo.i">
      <Filter>functions</Filter>
    </None>
    <None Include="functions\enumerated_classes.i">
      <Filter>functions</Filter>
    </None>
    <None Include="functions\enumerated_types.i">
      <Filter>functions</Filter>
    </None>
    <None Include="functions\functions.i">
      <Filter>functions</Filter>
    </None>
    <None Include="functions\inheritance.i">
      <Filter>functions</Filter>
    </None>
    <None Include="functions\multiple_inheritance.i">
      <Filter>functions</Filter>
    </None>
    <None Include="functions\noparm.i">
      <Filter>functions</Filter>
    </None>
    <None Include="functions\objects.i">
      <Filter>functions</Filter>
    </None>
    <None Include="functions\overrides.i">
      <Filter>functions</Filter>
    </None>
    <None Include="functions\typedefs.i">
      <Filter>functions</Filter>
    </None>
    <None Include="typemaps\all.i">
      <Filter>typemaps</Filter>
    </None>
    <None Include="typedefs\all.i">
      <Filter>typedefs</Filter>
    </None>
    <None Include="complex.i" />
    <None Include="Makefile.vc" />
  </ItemGroup>
</Project>