<?xml version="1.0" encoding="utf-8"?>
<Project ToolsVersion="4.0" xmlns="http://schemas.microsoft.com/developer/msbuild/2003">
  <ItemGroup>
    <Filter Include="valueobjects">
      <UniqueIdentifier>{7f3dd5d0-c3dc-4314-853b-18bbdbb58e07}</UniqueIdentifier>
    </Filter>
  </ItemGroup>
  <ItemGroup>
    <ClCompile Include="valueobjects\vo_adder.cpp">
      <Filter>valueobjects</Filter>
    </ClCompile>
  </ItemGroup>
  <ItemGroup>
    <ClInclude Include="valueobjects\vo_adder.hpp">
      <Filter>valueobjects</Filter>
    </ClInclude>
    <ClInclude Include="obj_adder.hpp" />
  </ItemGroup>
</Project>