<?xml version="1.0" encoding="utf-8"?>
<Project ToolsVersion="4.0" xmlns="http://schemas.microsoft.com/developer/msbuild/2003">
  <ItemGroup>
    <Filter Include="conversions">
      <UniqueIdentifier>{7a465c95-88db-4aba-a493-36e68083b98a}</UniqueIdentifier>
    </Filter>
    <Filter Include="functions">
      <UniqueIdentifier>{cf97825e-6633-4a35-918c-5eb1b2f898ad}</UniqueIdentifier>
    </Filter>
    <Filter Include="register">
      <UniqueIdentifier>{32d3ed05-812a-4fff-a09a-8da517fbddb1}</UniqueIdentifier>
    </Filter>
  </ItemGroup>
  <ItemGroup>
    <ClInclude Include="conversions\convert2.hpp">
      <Filter>conversions</Filter>
    </ClInclude>
    <ClInclude Include="register\register_all.hpp">
      <Filter>register</Filter>
    </ClInclude>
  </ItemGroup>
  <ItemGroup>
    <ClCompile Include="functions\function_adder.cpp">
      <Filter>functions</Filter>
    </ClCompile>
    <ClCompile Include="register\register_adder.cpp">
      <Filter>register</Filter>
    </ClCompile>
    <ClCompile Include="register\register_all.cpp">
      <Filter>register</Filter>
    </ClCompile>
    <ClCompile Include="addin.cpp" />
  </ItemGroup>
</Project>